PODS:
  - CSExtended (0.1.1):
    - CSExtended/Foundation (= 0.1.1)
    - CSExtended/Quartz (= 0.1.1)
    - CSExtended/UIKit (= 0.1.1)
  - CSExtended/Foundation (0.1.1)
  - CSExtended/Quartz (0.1.1)
  - CSExtended/UIKit (0.1.1)

DEPENDENCIES:
  - CSExtended (from `../`)

EXTERNAL SOURCES:
  CSExtended:
    :path: ../

SPEC CHECKSUMS:
  CSExtended: e8fd01457cf4f9b098aa07942b81965d1b5f39d6

PODFILE CHECKSUM: 52445fab7d920b854893c0ee48696bbf82668e74

COCOAPODS: 1.3.1
